
Microsoft Visual Studio Solution File, Format Version 12.00
# Visual Studio Version 16
VisualStudioVersion = 16.0.29306.81
MinimumVisualStudioVersion = 10.0.40219.1
Project("{FAE04EC0-301F-11D3-BF4B-00C04F79EFBC}") = "ProjectOne", "ProjectOne\ProjectOne.csproj", "{14236B03-65EB-4995-9B17-B21063AFEC48}"
EndProject
Global
	GlobalSection(SolutionConfigurationPlatforms) = preSolution
		Debug|Any CPU = Debug|Any CPU
		Release|Any CPU = Release|Any CPU
	EndGlobalSection
	GlobalSection(ProjectConfigurationPlatforms) = postSolution
		{14236B03-65EB-4995-9B17-B21063AFEC48}.Debug|Any CPU.ActiveCfg = Debug|Any CPU
		{14236B03-65EB-4995-9B17-B21063AFEC48}.Debug|Any CPU.Build.0 = Debug|Any CPU
		{14236B03-65EB-4995-9B17-B21063AFEC48}.Release|Any CPU.ActiveCfg = Release|Any CPU
		{14236B03-65EB-4995-9B17-B21063AFEC48}.Release|Any CPU.Build.0 = Release|Any CPU
	EndGlobalSection
	GlobalSection(SolutionProperties) = preSolution
		HideSolutionNode = FALSE
	EndGlobalSection
	GlobalSection(ExtensibilityGlobals) = postSolution
		SolutionGuid = {1CFF86D2-E056-4B61-AD0E-2F43CC8756BB}
	EndGlobalSection
EndGlobal
